
Microsoft Visual Studio Solution File, Format Version 12.00
# Visual Studio Version 16
VisualStudioVersion = 16.0.30517.126
MinimumVisualStudioVersion = 10.0.40219.1
Project("{FAE04EC0-301F-11D3-BF4B-00C04F79EFBC}") = "ClassLibrary1", "ClassLibrary1\ClassLibrary1.csproj", "{D8EFA65C-D04C-4B94-94B3-9C9366400205}"
EndProject
Global
	GlobalSection(SolutionConfigurationPlatforms) = preSolution
		Debug|Any CPU = Debug|Any CPU
		Release|Any CPU = Release|Any CPU
	EndGlobalSection
	GlobalSection(ProjectConfigurationPlatforms) = postSolution
		{D8EFA65C-D04C-4B94-94B3-9C9366400205}.Debug|Any CPU.ActiveCfg = Debug|Any CPU
		{D8EFA65C-D04C-4B94-94B3-9C9366400205}.Debug|Any CPU.Build.0 = Debug|Any CPU
		{D8EFA65C-D04C-4B94-94B3-9C9366400205}.Release|Any CPU.ActiveCfg = Release|Any CPU
		{D8EFA65C-D04C-4B94-94B3-9C9366400205}.Release|Any CPU.Build.0 = Release|Any CPU
	EndGlobalSection
	GlobalSection(SolutionProperties) = preSolution
		HideSolutionNode = FALSE
	EndGlobalSection
	GlobalSection(ExtensibilityGlobals) = postSolution
		SolutionGuid = {CD7A0122-FE1C-48E1-822F-A0A40F038F7B}
	EndGlobalSection
EndGlobal
